
Microsoft Visual Studio Solution File, Format Version 12.00
# Visual Studio Version 17
VisualStudioVersion = 17.13.35825.156 d17.13
MinimumVisualStudioVersion = 10.0.40219.1
Project("{FAE04EC0-301F-11D3-BF4B-00C04F79EFBC}") = "HospitalManagementSystem", "HospitalManagementSystem.csproj", "{6578776C-F30D-4D58-8067-ECF5B0118A3C}"
EndProject
Global
	GlobalSection(SolutionConfigurationPlatforms) = preSolution
		Debug|Any CPU = Debug|Any CPU
		Release|Any CPU = Release|Any CPU
	EndGlobalSection
	GlobalSection(ProjectConfigurationPlatforms) = postSolution
		{6578776C-F30D-4D58-8067-ECF5B0118A3C}.Debug|Any CPU.ActiveCfg = Debug|Any CPU
		{6578776C-F30D-4D58-8067-ECF5B0118A3C}.Debug|Any CPU.Build.0 = Debug|Any CPU
		{6578776C-F30D-4D58-8067-ECF5B0118A3C}.Release|Any CPU.ActiveCfg = Release|Any CPU
		{6578776C-F30D-4D58-8067-ECF5B0118A3C}.Release|Any CPU.Build.0 = Release|Any CPU
	EndGlobalSection
	GlobalSection(SolutionProperties) = preSolution
		HideSolutionNode = FALSE
	EndGlobalSection
	GlobalSection(ExtensibilityGlobals) = postSolution
		SolutionGuid = {E5995A14-7C95-4D4F-A4E1-36495A69418E}
	EndGlobalSection
EndGlobal
